
Microsoft Visual Studio Solution File, Format Version 12.00
# Visual Studio 15
VisualStudioVersion = 15.0.28307.168
MinimumVisualStudioVersion = 10.0.40219.1
Project("{FAE04EC0-301F-11D3-BF4B-00C04F79EFBC}") = "KinectTest", "KinectTest.csproj", "{9F9A868C-3822-499A-94BE-BB3AF0095590}"
EndProject
Global
	GlobalSection(SolutionConfigurationPlatforms) = preSolution
		Debug|Any CPU = Debug|Any CPU
		Release|Any CPU = Release|Any CPU
	EndGlobalSection
	GlobalSection(ProjectConfigurationPlatforms) = postSolution
		{9F9A868C-3822-499A-94BE-BB3AF0095590}.Debug|Any CPU.ActiveCfg = Debug|Any CPU
		{9F9A868C-3822-499A-94BE-BB3AF0095590}.Debug|Any CPU.Build.0 = Debug|Any CPU
		{9F9A868C-3822-499A-94BE-BB3AF0095590}.Release|Any CPU.ActiveCfg = Release|Any CPU
		{9F9A868C-3822-499A-94BE-BB3AF0095590}.Release|Any CPU.Build.0 = Release|Any CPU
	EndGlobalSection
	GlobalSection(SolutionProperties) = preSolution
		HideSolutionNode = FALSE
	EndGlobalSection
	GlobalSection(ExtensibilityGlobals) = postSolution
		SolutionGuid = {54DB0F1B-C373-4726-A284-9B26F9DC973F}
	EndGlobalSection
EndGlobal
